
Microsoft Visual Studio Solution File, Format Version 12.00
# Visual Studio Version 17
VisualStudioVersion = 17.3.32804.467
MinimumVisualStudioVersion = 10.0.40219.1
Project("{FAE04EC0-301F-11D3-BF4B-00C04F79EFBC}") = "SistemaVenta.Entity", "SistemaVenta.Entity\SistemaVenta.Entity.csproj", "{E94E3D24-AC43-4712-AF50-B921ED87FB22}"
EndProject
Project("{FAE04EC0-301F-11D3-BF4B-00C04F79EFBC}") = "SistemaVenta.DAL", "SistemaVenta.DAL\SistemaVenta.DAL.csproj", "{B877A268-22E6-4198-A0B7-6B4832F5DC6B}"
EndProject
Project("{FAE04EC0-301F-11D3-BF4B-00C04F79EFBC}") = "SistemaVenta.BLL", "SistemaVenta.BLL\SistemaVenta.BLL.csproj", "{AA78D2A9-9A0E-46B5-9A36-35189CEE9F72}"
EndProject
Project("{FAE04EC0-301F-11D3-BF4B-00C04F79EFBC}") = "SistemaVenta.IOC", "SistemaVenta.IOC\SistemaVenta.IOC.csproj", "{67CC60F7-32BC-4609-BA26-A26AAE91137C}"
EndProject
Project("{FAE04EC0-301F-11D3-BF4B-00C04F79EFBC}") = "SistemaVenta.AplicacionWeb", "SistemaVenta.AplicacionWeb\SistemaVenta.AplicacionWeb.csproj", "{2D362F5A-D994-4B52-B09B-F5C876BA1C28}"
EndProject
Global
	GlobalSection(SolutionConfigurationPlatforms) = preSolution
		Debug|Any CPU = Debug|Any CPU
		Release|Any CPU = Release|Any CPU
	EndGlobalSection
	GlobalSection(ProjectConfigurationPlatforms) = postSolution
		{E94E3D24-AC43-4712-AF50-B921ED87FB22}.Debug|Any CPU.ActiveCfg = Debug|Any CPU
		{E94E3D24-AC43-4712-AF50-B921ED87FB22}.Debug|Any CPU.Build.0 = Debug|Any CPU
		{E94E3D24-AC43-4712-AF50-B921ED87FB22}.Release|Any CPU.ActiveCfg = Release|Any CPU
		{E94E3D24-AC43-4712-AF50-B921ED87FB22}.Release|Any CPU.Build.0 = Release|Any CPU
		{B877A268-22E6-4198-A0B7-6B4832F5DC6B}.Debug|Any CPU.ActiveCfg = Debug|Any CPU
		{B877A268-22E6-4198-A0B7-6B4832F5DC6B}.Debug|Any CPU.Build.0 = Debug|Any CPU
		{B877A268-22E6-4198-A0B7-6B4832F5DC6B}.Release|Any CPU.ActiveCfg = Release|Any CPU
		{B877A268-22E6-4198-A0B7-6B4832F5DC6B}.Release|Any CPU.Build.0 = Release|Any CPU
		{AA78D2A9-9A0E-46B5-9A36-35189CEE9F72}.Debug|Any CPU.ActiveCfg = Debug|Any CPU
		{AA78D2A9-9A0E-46B5-9A36-35189CEE9F72}.Debug|Any CPU.Build.0 = Debug|Any CPU
		{AA78D2A9-9A0E-46B5-9A36-35189CEE9F72}.Release|Any CPU.ActiveCfg = Release|Any CPU
		{AA78D2A9-9A0E-46B5-9A36-35189CEE9F72}.Release|Any CPU.Build.0 = Release|Any CPU
		{67CC60F7-32BC-4609-BA26-A26AAE91137C}.Debug|Any CPU.ActiveCfg = Debug|Any CPU
		{67CC60F7-32BC-4609-BA26-A26AAE91137C}.Debug|Any CPU.Build.0 = Debug|Any CPU
		{67CC60F7-32BC-4609-BA26-A26AAE91137C}.Release|Any CPU.ActiveCfg = Release|Any CPU
		{67CC60F7-32BC-4609-BA26-A26AAE91137C}.Release|Any CPU.Build.0 = Release|Any CPU
		{2D362F5A-D994-4B52-B09B-F5C876BA1C28}.Debug|Any CPU.ActiveCfg = Debug|Any CPU
		{2D362F5A-D994-4B52-B09B-F5C876BA1C28}.Debug|Any CPU.Build.0 = Debug|Any CPU
		{2D362F5A-D994-4B52-B09B-F5C876BA1C28}.Release|Any CPU.ActiveCfg = Release|Any CPU
		{2D362F5A-D994-4B52-B09B-F5C876BA1C28}.Release|Any CPU.Build.0 = Release|Any CPU
	EndGlobalSection
	GlobalSection(SolutionProperties) = preSolution
		HideSolutionNode = FALSE
	EndGlobalSection
	GlobalSection(ExtensibilityGlobals) = postSolution
		SolutionGuid = {FD2517A5-84BF-4021-8C8E-970DA409C77E}
	EndGlobalSection
EndGlobal
